
Microsoft Visual Studio Solution File, Format Version 12.00
# Visual Studio Version 17
VisualStudioVersion = 17.14.36623.8
MinimumVisualStudioVersion = 10.0.40219.1
Project("{FAE04EC0-301F-11D3-BF4B-00C04F79EFBC}") = "SI Renaming Tool V2", "SI Renaming Tool V2\SI Renaming Tool V2.csproj", "{C82DF14E-84BD-414F-B660-C063FB81ACB4}"
EndProject
Project("{54435603-DBB4-11D2-8724-00A0C9A8B90C}") = "SI_Setup", "SI_Setup\SI_Setup.vdproj", "{DED60F12-E6B4-9A49-8737-23966876378B}"
EndProject
Global
	GlobalSection(SolutionConfigurationPlatforms) = preSolution
		Debug|Any CPU = Debug|Any CPU
		Release|Any CPU = Release|Any CPU
	EndGlobalSection
	GlobalSection(ProjectConfigurationPlatforms) = postSolution
		{C82DF14E-84BD-414F-B660-C063FB81ACB4}.Debug|Any CPU.ActiveCfg = Debug|Any CPU
		{C82DF14E-84BD-414F-B660-C063FB81ACB4}.Debug|Any CPU.Build.0 = Debug|Any CPU
		{C82DF14E-84BD-414F-B660-C063FB81ACB4}.Release|Any CPU.ActiveCfg = Release|Any CPU
		{C82DF14E-84BD-414F-B660-C063FB81ACB4}.Release|Any CPU.Build.0 = Release|Any CPU
		{DED60F12-E6B4-9A49-8737-23966876378B}.Debug|Any CPU.ActiveCfg = Debug
		{DED60F12-E6B4-9A49-8737-23966876378B}.Release|Any CPU.ActiveCfg = Release
	EndGlobalSection
	GlobalSection(SolutionProperties) = preSolution
		HideSolutionNode = FALSE
	EndGlobalSection
	GlobalSection(ExtensibilityGlobals) = postSolution
		SolutionGuid = {4ECF905B-906B-4D9E-A382-231529A69F32}
	EndGlobalSection
EndGlobal
